
Microsoft Visual Studio Solution File, Format Version 12.00
# Visual Studio 15
VisualStudioVersion = 15.0.28307.779
MinimumVisualStudioVersion = 10.0.40219.1
Project("{FAE04EC0-301F-11D3-BF4B-00C04F79EFBC}") = "AuthorizationTestProject", "AuthorizationTestProject\AuthorizationTestProject.csproj", "{0DAEB63C-DB01-4C48-A307-5641A21BF80D}"
EndProject
Global
	GlobalSection(SolutionConfigurationPlatforms) = preSolution
		Debug|Any CPU = Debug|Any CPU
		Release|Any CPU = Release|Any CPU
	EndGlobalSection
	GlobalSection(ProjectConfigurationPlatforms) = postSolution
		{0DAEB63C-DB01-4C48-A307-5641A21BF80D}.Debug|Any CPU.ActiveCfg = Debug|Any CPU
		{0DAEB63C-DB01-4C48-A307-5641A21BF80D}.Debug|Any CPU.Build.0 = Debug|Any CPU
		{0DAEB63C-DB01-4C48-A307-5641A21BF80D}.Release|Any CPU.ActiveCfg = Release|Any CPU
		{0DAEB63C-DB01-4C48-A307-5641A21BF80D}.Release|Any CPU.Build.0 = Release|Any CPU
	EndGlobalSection
	GlobalSection(SolutionProperties) = preSolution
		HideSolutionNode = FALSE
	EndGlobalSection
	GlobalSection(ExtensibilityGlobals) = postSolution
		SolutionGuid = {FC4D294A-6840-4DF1-B2FF-54D4EBF1B4EC}
	EndGlobalSection
EndGlobal
